{
  "name": "project",
  "version": "0.0.0",
  "lockfileVersion": 3,
  "requires": true,
  "packages": {
    "apps/bridge-agent": {
      "name": "@popdam/bridge-agent",
      "version": "0.0.0",
      "extraneous": true,
      "dependencies": {
        "@popdam/contracts": "*",
        "@popdam/path-utils": "*"
      },
      "devDependencies": {
        "@types/node": "^22.0.0",
        "tsx": "^4.19.0",
        "typescript": "^5.5.3"
      }
    },
    "apps/windows-agent": {
      "name": "@popdam/windows-agent",
      "version": "0.0.0",
      "extraneous": true,
      "dependencies": {
        "@popdam/contracts": "*"
      },
      "devDependencies": {
        "@types/node": "^22.0.0",
        "tsx": "^4.19.0",
        "typescript": "^5.5.3"
      }
    },
    "packages/contracts": {
      "name": "@popdam/contracts",
      "version": "0.0.0",
      "extraneous": true,
      "dependencies": {
        "zod": "^4.3.6"
      }
    },
    "packages/path-utils": {
      "name": "@popdam/path-utils",
      "version": "0.0.0",
      "extraneous": true,
      "devDependencies": {
        "vitest": "^4.0.18"
      }
    }
  }
}
